
Microsoft Visual Studio Solution File, Format Version 12.00
# Visual Studio 15
Project("{FAE04EC0-301F-11D3-BF4B-00C04F79EFBC}") = "Assembly-CSharp", "Assembly-CSharp.csproj", "{851E0B43-51FF-E56B-6CB2-025D54BD80DE}"
EndProject
Project("{FAE04EC0-301F-11D3-BF4B-00C04F79EFBC}") = "Assembly-CSharp-Editor", "Assembly-CSharp-Editor.csproj", "{11DD5E8A-0693-07FB-2D37-B22EC5080B2B}"
EndProject
Global
	GlobalSection(SolutionConfigurationPlatforms) = preSolution
		Debug|Any CPU = Debug|Any CPU
		Release|Any CPU = Release|Any CPU
	EndGlobalSection
	GlobalSection(ProjectConfigurationPlatforms) = postSolution
		{851E0B43-51FF-E56B-6CB2-025D54BD80DE}.Debug|Any CPU.ActiveCfg = Debug|Any CPU
		{851E0B43-51FF-E56B-6CB2-025D54BD80DE}.Debug|Any CPU.Build.0 = Debug|Any CPU
		{851E0B43-51FF-E56B-6CB2-025D54BD80DE}.Release|Any CPU.ActiveCfg = Release|Any CPU
		{851E0B43-51FF-E56B-6CB2-025D54BD80DE}.Release|Any CPU.Build.0 = Release|Any CPU
		{11DD5E8A-0693-07FB-2D37-B22EC5080B2B}.Debug|Any CPU.ActiveCfg = Debug|Any CPU
		{11DD5E8A-0693-07FB-2D37-B22EC5080B2B}.Debug|Any CPU.Build.0 = Debug|Any CPU
		{11DD5E8A-0693-07FB-2D37-B22EC5080B2B}.Release|Any CPU.ActiveCfg = Release|Any CPU
		{11DD5E8A-0693-07FB-2D37-B22EC5080B2B}.Release|Any CPU.Build.0 = Release|Any CPU
	EndGlobalSection
	GlobalSection(SolutionProperties) = preSolution
		HideSolutionNode = FALSE
	EndGlobalSection
EndGlobal
